// !$*UTF8*$!
{
	archiveVersion = 1;
	classes = {
	};
	objectVersion = 55;
	objects = {

/* Begin PBXBuildFile section */
		080375A6281C2C0B00FAD5BC /* ReminderDoneButton.swift in Sources */ = {isa = PBXBuildFile; fileRef = 080375A5281C2C0B00FAD5BC /* ReminderDoneButton.swift */; };
		080375AA281C2D6E00FAD5BC /* ReminderListViewController+Actions.swift in Sources */ = {isa = PBXBuildFile; fileRef = 080375A9281C2D6E00FAD5BC /* ReminderListViewController+Actions.swift */; };
		080375AC281D755100FAD5BC /* ReminderViewController.swift in Sources */ = {isa = PBXBuildFile; fileRef = 080375AB281D755100FAD5BC /* ReminderViewController.swift */; };
		080375AF281D840D00FAD5BC /* ReminderViewController+Row.swift in Sources */ = {isa = PBXBuildFile; fileRef = 080375AE281D840D00FAD5BC /* ReminderViewController+Row.swift */; };
		080375B128202C3100FAD5BC /* ReminderViewController+Section.swift in Sources */ = {isa = PBXBuildFile; fileRef = 080375B028202C3100FAD5BC /* ReminderViewController+Section.swift */; };
		080375B32823F9C100FAD5BC /* ReminderViewController+CellConfiguration.swift in Sources */ = {isa = PBXBuildFile; fileRef = 080375B22823F9C100FAD5BC /* ReminderViewController+CellConfiguration.swift */; };
		080375B62823FD2700FAD5BC /* UIView+PinnedSubview.swift in Sources */ = {isa = PBXBuildFile; fileRef = 080375B52823FD2700FAD5BC /* UIView+PinnedSubview.swift */; };
		080375B8282411E500FAD5BC /* TextFieldContentView.swift in Sources */ = {isa = PBXBuildFile; fileRef = 080375B7282411E500FAD5BC /* TextFieldContentView.swift */; };
		080375BA2824164D00FAD5BC /* UIContentConfiguration+Stateless.swift in Sources */ = {isa = PBXBuildFile; fileRef = 080375B92824164D00FAD5BC /* UIContentConfiguration+Stateless.swift */; };
		080375BC28241F2400FAD5BC /* TextViewContentView.swift in Sources */ = {isa = PBXBuildFile; fileRef = 080375BB28241F2400FAD5BC /* TextViewContentView.swift */; };
		080375BE28241FEE00FAD5BC /* DatePickerContentView.swift in Sources */ = {isa = PBXBuildFile; fileRef = 080375BD28241FEE00FAD5BC /* DatePickerContentView.swift */; };
		08852B432815806B00B0627E /* AppDelegate.swift in Sources */ = {isa = PBXBuildFile; fileRef = 08852B422815806B00B0627E /* AppDelegate.swift */; };
		08852B452815806B00B0627E /* SceneDelegate.swift in Sources */ = {isa = PBXBuildFile; fileRef = 08852B442815806B00B0627E /* SceneDelegate.swift */; };
		08852B472815806B00B0627E /* ReminderListViewController.swift in Sources */ = {isa = PBXBuildFile; fileRef = 08852B462815806B00B0627E /* ReminderListViewController.swift */; };
		08852B4A2815806B00B0627E /* Main.storyboard in Resources */ = {isa = PBXBuildFile; fileRef = 08852B482815806B00B0627E /* Main.storyboard */; };
		08852B4C2815806B00B0627E /* Assets.xcassets in Resources */ = {isa = PBXBuildFile; fileRef = 08852B4B2815806B00B0627E /* Assets.xcassets */; };
		08852B4F2815806B00B0627E /* LaunchScreen.storyboard in Resources */ = {isa = PBXBuildFile; fileRef = 08852B4D2815806B00B0627E /* LaunchScreen.storyboard */; };
		08852B582815820B00B0627E /* Reminder.swift in Sources */ = {isa = PBXBuildFile; fileRef = 08852B572815820B00B0627E /* Reminder.swift */; };
		08852B5A2816E1A600B0627E /* Date+Today.swift in Sources */ = {isa = PBXBuildFile; fileRef = 08852B592816E1A600B0627E /* Date+Today.swift */; };
		08852B5E2816E98200B0627E /* ReminderListViewController+DataSource.swift in Sources */ = {isa = PBXBuildFile; fileRef = 08852B5D2816E98200B0627E /* ReminderListViewController+DataSource.swift */; };
/* End PBXBuildFile section */

/* Begin PBXFileReference section */
		080375A5281C2C0B00FAD5BC /* ReminderDoneButton.swift */ = {isa = PBXFileReference; lastKnownFileType = sourcecode.swift; path = ReminderDoneButton.swift; sourceTree = "<group>"; };
		080375A9281C2D6E00FAD5BC /* ReminderListViewController+Actions.swift */ = {isa = PBXFileReference; lastKnownFileType = sourcecode.swift; path = "ReminderListViewController+Actions.swift"; sourceTree = "<group>"; };
		080375AB281D755100FAD5BC /* ReminderViewController.swift */ = {isa = PBXFileReference; lastKnownFileType = sourcecode.swift; path = ReminderViewController.swift; sourceTree = "<group>"; };
		080375AE281D840D00FAD5BC /* ReminderViewController+Row.swift */ = {isa = PBXFileReference; lastKnownFileType = sourcecode.swift; path = "ReminderViewController+Row.swift"; sourceTree = "<group>"; };
		080375B028202C3100FAD5BC /* ReminderViewController+Section.swift */ = {isa = PBXFileReference; lastKnownFileType = sourcecode.swift; path = "ReminderViewController+Section.swift"; sourceTree = "<group>"; };
		080375B22823F9C100FAD5BC /* ReminderViewController+CellConfiguration.swift */ = {isa = PBXFileReference; lastKnownFileType = sourcecode.swift; path = "ReminderViewController+CellConfiguration.swift"; sourceTree = "<group>"; };
		080375B52823FD2700FAD5BC /* UIView+PinnedSubview.swift */ = {isa = PBXFileReference; lastKnownFileType = sourcecode.swift; path = "UIView+PinnedSubview.swift"; sourceTree = "<group>"; };
		080375B7282411E500FAD5BC /* TextFieldContentView.swift */ = {isa = PBXFileReference; lastKnownFileType = sourcecode.swift; path = TextFieldContentView.swift; sourceTree = "<group>"; };
		080375B92824164D00FAD5BC /* UIContentConfiguration+Stateless.swift */ = {isa = PBXFileReference; lastKnownFileType = sourcecode.swift; path = "UIContentConfiguration+Stateless.swift"; sourceTree = "<group>"; };
		080375BB28241F2400FAD5BC /* TextViewContentView.swift */ = {isa = PBXFileReference; lastKnownFileType = sourcecode.swift; path = TextViewContentView.swift; sourceTree = "<group>"; };
		080375BD28241FEE00FAD5BC /* DatePickerContentView.swift */ = {isa = PBXFileReference; lastKnownFileType = sourcecode.swift; path = DatePickerContentView.swift; sourceTree = "<group>"; };
		08852B3F2815806B00B0627E /* Today.app */ = {isa = PBXFileReference; explicitFileType = wrapper.application; includeInIndex = 0; path = Today.app; sourceTree = BUILT_PRODUCTS_DIR; };
		08852B422815806B00B0627E /* AppDelegate.swift */ = {isa = PBXFileReference; lastKnownFileType = sourcecode.swift; path = AppDelegate.swift; sourceTree = "<group>"; };
		08852B442815806B00B0627E /* SceneDelegate.swift */ = {isa = PBXFileReference; lastKnownFileType = sourcecode.swift; path = SceneDelegate.swift; sourceTree = "<group>"; };
		08852B462815806B00B0627E /* ReminderListViewController.swift */ = {isa = PBXFileReference; lastKnownFileType = sourcecode.swift; path = ReminderListViewController.swift; sourceTree = "<group>"; };
		08852B492815806B00B0627E /* Base */ = {isa = PBXFileReference; lastKnownFileType = file.storyboard; name = Base; path = Base.lproj/Main.storyboard; sourceTree = "<group>"; };
		08852B4B2815806B00B0627E /* Assets.xcassets */ = {isa = PBXFileReference; lastKnownFileType = folder.assetcatalog; path = Assets.xcassets; sourceTree = "<group>"; };
		08852B4E2815806B00B0627E /* Base */ = {isa = PBXFileReference; lastKnownFileType = file.storyboard; name = Base; path = Base.lproj/LaunchScreen.storyboard; sourceTree = "<group>"; };
		08852B502815806B00B0627E /* Info.plist */ = {isa = PBXFileReference; lastKnownFileType = text.plist.xml; path = Info.plist; sourceTree = "<group>"; };
		08852B572815820B00B0627E /* Reminder.swift */ = {isa = PBXFileReference; lastKnownFileType = sourcecode.swift; path = Reminder.swift; sourceTree = "<group>"; };
		08852B592816E1A600B0627E /* Date+Today.swift */ = {isa = PBXFileReference; lastKnownFileType = sourcecode.swift; path = "Date+Today.swift"; sourceTree = "<group>"; };
		08852B5D2816E98200B0627E /* ReminderListViewController+DataSource.swift */ = {isa = PBXFileReference; lastKnownFileType = sourcecode.swift; path = "ReminderListViewController+DataSource.swift"; sourceTree = "<group>"; };
/* End PBXFileReference section */

/* Begin PBXFrameworksBuildPhase section */
		08852B3C2815806B00B0627E /* Frameworks */ = {
			isa = PBXFrameworksBuildPhase;
			buildActionMask = 2147483647;
			files = (
			);
			runOnlyForDeploymentPostprocessing = 0;
		};
/* End PBXFrameworksBuildPhase section */

/* Begin PBXGroup section */
		080375AD281D83D900FAD5BC /* DetailViewController */ = {
			isa = PBXGroup;
			children = (
				080375AB281D755100FAD5BC /* ReminderViewController.swift */,
				080375AE281D840D00FAD5BC /* ReminderViewController+Row.swift */,
				080375B028202C3100FAD5BC /* ReminderViewController+Section.swift */,
				080375B22823F9C100FAD5BC /* ReminderViewController+CellConfiguration.swift */,
			);
			path = DetailViewController;
			sourceTree = "<group>";
		};
		080375B42823FCF100FAD5BC /* ContentViews */ = {
			isa = PBXGroup;
			children = (
				080375B52823FD2700FAD5BC /* UIView+PinnedSubview.swift */,
				080375B7282411E500FAD5BC /* TextFieldContentView.swift */,
				080375B92824164D00FAD5BC /* UIContentConfiguration+Stateless.swift */,
				080375BB28241F2400FAD5BC /* TextViewContentView.swift */,
				080375BD28241FEE00FAD5BC /* DatePickerContentView.swift */,
			);
			path = ContentViews;
			sourceTree = "<group>";
		};
		08852B362815806B00B0627E = {
			isa = PBXGroup;
			children = (
				08852B412815806B00B0627E /* Today */,
				08852B402815806B00B0627E /* Products */,
			);
			sourceTree = "<group>";
		};
		08852B402815806B00B0627E /* Products */ = {
			isa = PBXGroup;
			children = (
				08852B3F2815806B00B0627E /* Today.app */,
			);
			name = Products;
			sourceTree = "<group>";
		};
		08852B412815806B00B0627E /* Today */ = {
			isa = PBXGroup;
			children = (
				080375B42823FCF100FAD5BC /* ContentViews */,
				08852B56281581EF00B0627E /* Models */,
				08852B422815806B00B0627E /* AppDelegate.swift */,
				08852B442815806B00B0627E /* SceneDelegate.swift */,
				080375AD281D83D900FAD5BC /* DetailViewController */,
				08852B5B2816E91800B0627E /* ListViewController */,
				08852B482815806B00B0627E /* Main.storyboard */,
				08852B4B2815806B00B0627E /* Assets.xcassets */,
				08852B4D2815806B00B0627E /* LaunchScreen.storyboard */,
				08852B502815806B00B0627E /* Info.plist */,
			);
			path = Today;
			sourceTree = "<group>";
		};
		08852B56281581EF00B0627E /* Models */ = {
			isa = PBXGroup;
			children = (
				08852B572815820B00B0627E /* Reminder.swift */,
				08852B592816E1A600B0627E /* Date+Today.swift */,
			);
			path = Models;
			sourceTree = "<group>";
		};
		08852B5B2816E91800B0627E /* ListViewController */ = {
			isa = PBXGroup;
			children = (
				08852B462815806B00B0627E /* ReminderListViewController.swift */,
				08852B5D2816E98200B0627E /* ReminderListViewController+DataSource.swift */,
				080375A5281C2C0B00FAD5BC /* ReminderDoneButton.swift */,
				080375A9281C2D6E00FAD5BC /* ReminderListViewController+Actions.swift */,
			);
			path = ListViewController;
			sourceTree = "<group>";
		};
/* End PBXGroup section */

/* Begin PBXNativeTarget section */
		08852B3E2815806B00B0627E /* Today */ = {
			isa = PBXNativeTarget;
			buildConfigurationList = 08852B532815806B00B0627E /* Build configuration list for PBXNativeTarget "Today" */;
			buildPhases = (
				08852B3B2815806B00B0627E /* Sources */,
				08852B3C2815806B00B0627E /* Frameworks */,
				08852B3D2815806B00B0627E /* Resources */,
			);
			buildRules = (
			);
			dependencies = (
			);
			name = Today;
			productName = Today;
			productReference = 08852B3F2815806B00B0627E /* Today.app */;
			productType = "com.apple.product-type.application";
		};
/* End PBXNativeTarget section */

/* Begin PBXProject section */
		08852B372815806B00B0627E /* Project object */ = {
			isa = PBXProject;
			attributes = {
				BuildIndependentTargetsInParallel = 1;
				LastSwiftUpdateCheck = 1320;
				LastUpgradeCheck = 1320;
				TargetAttributes = {
					08852B3E2815806B00B0627E = {
						CreatedOnToolsVersion = 13.2.1;
					};
				};
			};
			buildConfigurationList = 08852B3A2815806B00B0627E /* Build configuration list for PBXProject "Today" */;
			compatibilityVersion = "Xcode 13.0";
			developmentRegion = en;
			hasScannedForEncodings = 0;
			knownRegions = (
				en,
				Base,
			);
			mainGroup = 08852B362815806B00B0627E;
			productRefGroup = 08852B402815806B00B0627E /* Products */;
			projectDirPath = "";
			projectRoot = "";
			targets = (
				08852B3E2815806B00B0627E /* Today */,
			);
		};
/* End PBXProject section */

/* Begin PBXResourcesBuildPhase section */
		08852B3D2815806B00B0627E /* Resources */ = {
			isa = PBXResourcesBuildPhase;
			buildActionMask = 2147483647;
			files = (
				08852B4F2815806B00B0627E /* LaunchScreen.storyboard in Resources */,
				08852B4C2815806B00B0627E /* Assets.xcassets in Resources */,
				08852B4A2815806B00B0627E /* Main.storyboard in Resources */,
			);
			runOnlyForDeploymentPostprocessing = 0;
		};
/* End PBXResourcesBuildPhase section */

/* Begin PBXSourcesBuildPhase section */
		08852B3B2815806B00B0627E /* Sources */ = {
			isa = PBXSourcesBuildPhase;
			buildActionMask = 2147483647;
			files = (
				080375AA281C2D6E00FAD5BC /* ReminderListViewController+Actions.swift in Sources */,
				080375BE28241FEE00FAD5BC /* DatePickerContentView.swift in Sources */,
				08852B472815806B00B0627E /* ReminderListViewController.swift in Sources */,
				08852B5A2816E1A600B0627E /* Date+Today.swift in Sources */,
				08852B432815806B00B0627E /* AppDelegate.swift in Sources */,
				080375B128202C3100FAD5BC /* ReminderViewController+Section.swift in Sources */,
				080375BA2824164D00FAD5BC /* UIContentConfiguration+Stateless.swift in Sources */,
				080375B32823F9C100FAD5BC /* ReminderViewController+CellConfiguration.swift in Sources */,
				08852B452815806B00B0627E /* SceneDelegate.swift in Sources */,
				080375AC281D755100FAD5BC /* ReminderViewController.swift in Sources */,
				080375B62823FD2700FAD5BC /* UIView+PinnedSubview.swift in Sources */,
				080375BC28241F2400FAD5BC /* TextViewContentView.swift in Sources */,
				080375AF281D840D00FAD5BC /* ReminderViewController+Row.swift in Sources */,
				08852B582815820B00B0627E /* Reminder.swift in Sources */,
				080375A6281C2C0B00FAD5BC /* ReminderDoneButton.swift in Sources */,
				080375B8282411E500FAD5BC /* TextFieldContentView.swift in Sources */,
				08852B5E2816E98200B0627E /* ReminderListViewController+DataSource.swift in Sources */,
			);
			runOnlyForDeploymentPostprocessing = 0;
		};
/* End PBXSourcesBuildPhase section */

/* Begin PBXVariantGroup section */
		08852B482815806B00B0627E /* Main.storyboard */ = {
			isa = PBXVariantGroup;
			children = (
				08852B492815806B00B0627E /* Base */,
			);
			name = Main.storyboard;
			sourceTree = "<group>";
		};
		08852B4D2815806B00B0627E /* LaunchScreen.storyboard */ = {
			isa = PBXVariantGroup;
			children = (
				08852B4E2815806B00B0627E /* Base */,
			);
			name = LaunchScreen.storyboard;
			sourceTree = "<group>";
		};
/* End PBXVariantGroup section */

/* Begin XCBuildConfiguration section */
		08852B512815806B00B0627E /* Debug */ = {
			isa = XCBuildConfiguration;
			buildSettings = {
				ALWAYS_SEARCH_USER_PATHS = NO;
				CLANG_ANALYZER_NONNULL = YES;
				CLANG_ANALYZER_NUMBER_OBJECT_CONVERSION = YES_AGGRESSIVE;
				CLANG_CXX_LANGUAGE_STANDARD = "gnu++17";
				CLANG_CXX_LIBRARY = "libc++";
				CLANG_ENABLE_MODULES = YES;
				CLANG_ENABLE_OBJC_ARC = YES;
				CLANG_ENABLE_OBJC_WEAK = YES;
				CLANG_WARN_BLOCK_CAPTURE_AUTORELEASING = YES;
				CLANG_WARN_BOOL_CONVERSION = YES;
				CLANG_WARN_COMMA = YES;
				CLANG_WARN_CONSTANT_CONVERSION = YES;
				CLANG_WARN_DEPRECATED_OBJC_IMPLEMENTATIONS = YES;
				CLANG_WARN_DIRECT_OBJC_ISA_USAGE = YES_ERROR;
				CLANG_WARN_DOCUMENTATION_COMMENTS = YES;
				CLANG_WARN_EMPTY_BODY = YES;
				CLANG_WARN_ENUM_CONVERSION = YES;
				CLANG_WARN_INFINITE_RECURSION = YES;
				CLANG_WARN_INT_CONVERSION = YES;
				CLANG_WARN_NON_LITERAL_NULL_CONVERSION = YES;
				CLANG_WARN_OBJC_IMPLICIT_RETAIN_SELF = YES;
				CLANG_WARN_OBJC_LITERAL_CONVERSION = YES;
				CLANG_WARN_OBJC_ROOT_CLASS = YES_ERROR;
				CLANG_WARN_QUOTED_INCLUDE_IN_FRAMEWORK_HEADER = YES;
				CLANG_WARN_RANGE_LOOP_ANALYSIS = YES;
				CLANG_WARN_STRICT_PROTOTYPES = YES;
				CLANG_WARN_SUSPICIOUS_MOVE = YES;
				CLANG_WARN_UNGUARDED_AVAILABILITY = YES_AGGRESSIVE;
				CLANG_WARN_UNREACHABLE_CODE = YES;
				CLANG_WARN__DUPLICATE_METHOD_MATCH = YES;
				COPY_PHASE_STRIP = NO;
				DEBUG_INFORMATION_FORMAT = dwarf;
				ENABLE_STRICT_OBJC_MSGSEND = YES;
				ENABLE_TESTABILITY = YES;
				GCC_C_LANGUAGE_STANDARD = gnu11;
				GCC_DYNAMIC_NO_PIC = NO;
				GCC_NO_COMMON_BLOCKS = YES;
				GCC_OPTIMIZATION_LEVEL = 0;
				GCC_PREPROCESSOR_DEFINITIONS = (
					"DEBUG=1",
					"$(inherited)",
				);
				GCC_WARN_64_TO_32_BIT_CONVERSION = YES;
				GCC_WARN_ABOUT_RETURN_TYPE = YES_ERROR;
				GCC_WARN_UNDECLARED_SELECTOR = YES;
				GCC_WARN_UNINITIALIZED_AUTOS = YES_AGGRESSIVE;
				GCC_WARN_UNUSED_FUNCTION = YES;
				GCC_WARN_UNUSED_VARIABLE = YES;
				IPHONEOS_DEPLOYMENT_TARGET = 15.2;
				MTL_ENABLE_DEBUG_INFO = INCLUDE_SOURCE;
				MTL_FAST_MATH = YES;
				ONLY_ACTIVE_ARCH = YES;
				SDKROOT = iphoneos;
				SWIFT_ACTIVE_COMPILATION_CONDITIONS = DEBUG;
				SWIFT_OPTIMIZATION_LEVEL = "-Onone";
			};
			name = Debug;
		};
		08852B522815806B00B0627E /* Release */ = {
			isa = XCBuildConfiguration;
			buildSettings = {
				ALWAYS_SEARCH_USER_PATHS = NO;
				CLANG_ANALYZER_NONNULL = YES;
				CLANG_ANALYZER_NUMBER_OBJECT_CONVERSION = YES_AGGRESSIVE;
				CLANG_CXX_LANGUAGE_STANDARD = "gnu++17";
				CLANG_CXX_LIBRARY = "libc++";
				CLANG_ENABLE_MODULES = YES;
				CLANG_ENABLE_OBJC_ARC = YES;
				CLANG_ENABLE_OBJC_WEAK = YES;
				CLANG_WARN_BLOCK_CAPTURE_AUTORELEASING = YES;
				CLANG_WARN_BOOL_CONVERSION = YES;
				CLANG_WARN_COMMA = YES;
				CLANG_WARN_CONSTANT_CONVERSION = YES;
				CLANG_WARN_DEPRECATED_OBJC_IMPLEMENTATIONS = YES;
				CLANG_WARN_DIRECT_OBJC_ISA_USAGE = YES_ERROR;
				CLANG_WARN_DOCUMENTATION_COMMENTS = YES;
				CLANG_WARN_EMPTY_BODY = YES;
				CLANG_WARN_ENUM_CONVERSION = YES;
				CLANG_WARN_INFINITE_RECURSION = YES;
				CLANG_WARN_INT_CONVERSION = YES;
				CLANG_WARN_NON_LITERAL_NULL_CONVERSION = YES;
				CLANG_WARN_OBJC_IMPLICIT_RETAIN_SELF = YES;
				CLANG_WARN_OBJC_LITERAL_CONVERSION = YES;
				CLANG_WARN_OBJC_ROOT_CLASS = YES_ERROR;
				CLANG_WARN_QUOTED_INCLUDE_IN_FRAMEWORK_HEADER = YES;
				CLANG_WARN_RANGE_LOOP_ANALYSIS = YES;
				CLANG_WARN_STRICT_PROTOTYPES = YES;
				CLANG_WARN_SUSPICIOUS_MOVE = YES;
				CLANG_WARN_UNGUARDED_AVAILABILITY = YES_AGGRESSIVE;
				CLANG_WARN_UNREACHABLE_CODE = YES;
				CLANG_WARN__DUPLICATE_METHOD_MATCH = YES;
				COPY_PHASE_STRIP = NO;
				DEBUG_INFORMATION_FORMAT = "dwarf-with-dsym";
				ENABLE_NS_ASSERTIONS = NO;
				ENABLE_STRICT_OBJC_MSGSEND = YES;
				GCC_C_LANGUAGE_STANDARD = gnu11;
				GCC_NO_COMMON_BLOCKS = YES;
				GCC_WARN_64_TO_32_BIT_CONVERSION = YES;
				GCC_WARN_ABOUT_RETURN_TYPE = YES_ERROR;
				GCC_WARN_UNDECLARED_SELECTOR = YES;
				GCC_WARN_UNINITIALIZED_AUTOS = YES_AGGRESSIVE;
				GCC_WARN_UNUSED_FUNCTION = YES;
				GCC_WARN_UNUSED_VARIABLE = YES;
				IPHONEOS_DEPLOYMENT_TARGET = 15.2;
				MTL_ENABLE_DEBUG_INFO = NO;
				MTL_FAST_MATH = YES;
				SDKROOT = iphoneos;
				SWIFT_COMPILATION_MODE = wholemodule;
				SWIFT_OPTIMIZATION_LEVEL = "-O";
				VALIDATE_PRODUCT = YES;
			};
			name = Release;
		};
		08852B542815806B00B0627E /* Debug */ = {
			isa = XCBuildConfiguration;
			buildSettings = {
				ASSETCATALOG_COMPILER_APPICON_NAME = AppIcon;
				ASSETCATALOG_COMPILER_GLOBAL_ACCENT_COLOR_NAME = AccentColor;
				CODE_SIGN_STYLE = Automatic;
				CURRENT_PROJECT_VERSION = 1;
				DEVELOPMENT_TEAM = GS43AAGSMS;
				GENERATE_INFOPLIST_FILE = YES;
				INFOPLIST_FILE = Today/Info.plist;
				INFOPLIST_KEY_UIApplicationSupportsIndirectInputEvents = YES;
				INFOPLIST_KEY_UILaunchStoryboardName = LaunchScreen;
				INFOPLIST_KEY_UIMainStoryboardFile = Main;
				INFOPLIST_KEY_UISupportedInterfaceOrientations_iPad = "UIInterfaceOrientationPortrait UIInterfaceOrientationPortraitUpsideDown UIInterfaceOrientationLandscapeLeft UIInterfaceOrientationLandscapeRight";
				INFOPLIST_KEY_UISupportedInterfaceOrientations_iPhone = "UIInterfaceOrientationPortrait UIInterfaceOrientationLandscapeLeft UIInterfaceOrientationLandscapeRight";
				LD_RUNPATH_SEARCH_PATHS = (
					"$(inherited)",
					"@executable_path/Frameworks",
				);
				MARKETING_VERSION = 1.0;
				PRODUCT_BUNDLE_IDENTIFIER = com.hito4tk.Today;
				PRODUCT_NAME = "$(TARGET_NAME)";
				SWIFT_EMIT_LOC_STRINGS = YES;
				SWIFT_VERSION = 5.0;
				TARGETED_DEVICE_FAMILY = "1,2";
			};
			name = Debug;
		};
		08852B552815806B00B0627E /* Release */ = {
			isa = XCBuildConfiguration;
			buildSettings = {
				ASSETCATALOG_COMPILER_APPICON_NAME = AppIcon;
				ASSETCATALOG_COMPILER_GLOBAL_ACCENT_COLOR_NAME = AccentColor;
				CODE_SIGN_STYLE = Automatic;
				CURRENT_PROJECT_VERSION = 1;
				DEVELOPMENT_TEAM = GS43AAGSMS;
				GENERATE_INFOPLIST_FILE = YES;
				INFOPLIST_FILE = Today/Info.plist;
				INFOPLIST_KEY_UIApplicationSupportsIndirectInputEvents = YES;
				INFOPLIST_KEY_UILaunchStoryboardName = LaunchScreen;
				INFOPLIST_KEY_UIMainStoryboardFile = Main;
				INFOPLIST_KEY_UISupportedInterfaceOrientations_iPad = "UIInterfaceOrientationPortrait UIInterfaceOrientationPortraitUpsideDown UIInterfaceOrientationLandscapeLeft UIInterfaceOrientationLandscapeRight";
				INFOPLIST_KEY_UISupportedInterfaceOrientations_iPhone = "UIInterfaceOrientationPortrait UIInterfaceOrientationLandscapeLeft UIInterfaceOrientationLandscapeRight";
				LD_RUNPATH_SEARCH_PATHS = (
					"$(inherited)",
					"@executable_path/Frameworks",
				);
				MARKETING_VERSION = 1.0;
				PRODUCT_BUNDLE_IDENTIFIER = com.hito4tk.Today;
				PRODUCT_NAME = "$(TARGET_NAME)";
				SWIFT_EMIT_LOC_STRINGS = YES;
				SWIFT_VERSION = 5.0;
				TARGETED_DEVICE_FAMILY = "1,2";
			};
			name = Release;
		};
/* End XCBuildConfiguration section */

/* Begin XCConfigurationList section */
		08852B3A2815806B00B0627E /* Build configuration list for PBXProject "Today" */ = {
			isa = XCConfigurationList;
			buildConfigurations = (
				08852B512815806B00B0627E /* Debug */,
				08852B522815806B00B0627E /* Release */,
			);
			defaultConfigurationIsVisible = 0;
			defaultConfigurationName = Release;
		};
		08852B532815806B00B0627E /* Build configuration list for PBXNativeTarget "Today" */ = {
			isa = XCConfigurationList;
			buildConfigurations = (
				08852B542815806B00B0627E /* Debug */,
				08852B552815806B00B0627E /* Release */,
			);
			defaultConfigurationIsVisible = 0;
			defaultConfigurationName = Release;
		};
/* End XCConfigurationList section */
	};
	rootObject = 08852B372815806B00B0627E /* Project object */;
}
